PODS:
  - Nimble (8.0.4)
  - Quick (2.2.0)
  - SDWebImage (5.3.2):
    - SDWebImage/Core (= 5.3.2)
  - SDWebImage/Core (5.3.2)

DEPENDENCIES:
  - Nimble (= 8.0.4)
  - Quick (= 2.2.0)
  - SDWebImage (= 5.3.2)

SPEC REPOS:
  https://github.com/CocoaPods/Specs.git:
    - Nimble
    - Quick
    - SDWebImage

SPEC CHECKSUMS:
  Nimble: 18d5360282923225d62b09d781f63abc1a0111fc
  Quick: 7fb19e13be07b5dfb3b90d4f9824c855a11af40e
  SDWebImage: 6ac2eb96571bff96ecde31a987172c5934a0eb7d

PODFILE CHECKSUM: 370edc7ae41e2d017f5fad5962913e60586270d2

COCOAPODS: 1.8.4
