// !$*UTF8*$!
{
	archiveVersion = 1;
	classes = {
	};
	objectVersion = 50;
	objects = {

/* Begin PBXBuildFile section */
		940487442388ACDE003F6F34 /* AppDelegate.swift in Sources */ = {isa = PBXBuildFile; fileRef = 940487432388ACDE003F6F34 /* AppDelegate.swift */; };
		940487462388ACDE003F6F34 /* SceneDelegate.swift in Sources */ = {isa = PBXBuildFile; fileRef = 940487452388ACDE003F6F34 /* SceneDelegate.swift */; };
		940487482388ACDE003F6F34 /* CuadradoViewController.swift in Sources */ = {isa = PBXBuildFile; fileRef = 940487472388ACDE003F6F34 /* CuadradoViewController.swift */; };
		9404874D2388ACDF003F6F34 /* Assets.xcassets in Resources */ = {isa = PBXBuildFile; fileRef = 9404874C2388ACDF003F6F34 /* Assets.xcassets */; };
		9404875C23896D75003F6F34 /* CuadradoViewController.storyboard in Resources */ = {isa = PBXBuildFile; fileRef = 9404875B23896D75003F6F34 /* CuadradoViewController.storyboard */; };
		9404875E23896D83003F6F34 /* LaunchScreen.storyboard in Resources */ = {isa = PBXBuildFile; fileRef = 9404875D23896D83003F6F34 /* LaunchScreen.storyboard */; };
/* End PBXBuildFile section */

/* Begin PBXFileReference section */
		940487402388ACDE003F6F34 /* Cuadrado.app */ = {isa = PBXFileReference; explicitFileType = wrapper.application; includeInIndex = 0; path = Cuadrado.app; sourceTree = BUILT_PRODUCTS_DIR; };
		940487432388ACDE003F6F34 /* AppDelegate.swift */ = {isa = PBXFileReference; lastKnownFileType = sourcecode.swift; path = AppDelegate.swift; sourceTree = "<group>"; };
		940487452388ACDE003F6F34 /* SceneDelegate.swift */ = {isa = PBXFileReference; lastKnownFileType = sourcecode.swift; path = SceneDelegate.swift; sourceTree = "<group>"; };
		940487472388ACDE003F6F34 /* CuadradoViewController.swift */ = {isa = PBXFileReference; lastKnownFileType = sourcecode.swift; path = CuadradoViewController.swift; sourceTree = "<group>"; };
		9404874C2388ACDF003F6F34 /* Assets.xcassets */ = {isa = PBXFileReference; lastKnownFileType = folder.assetcatalog; path = Assets.xcassets; sourceTree = "<group>"; };
		940487512388ACDF003F6F34 /* Info.plist */ = {isa = PBXFileReference; lastKnownFileType = text.plist.xml; path = Info.plist; sourceTree = "<group>"; };
		9404875B23896D75003F6F34 /* CuadradoViewController.storyboard */ = {isa = PBXFileReference; fileEncoding = 4; lastKnownFileType = file.storyboard; path = CuadradoViewController.storyboard; sourceTree = "<group>"; };
		9404875D23896D83003F6F34 /* LaunchScreen.storyboard */ = {isa = PBXFileReference; fileEncoding = 4; lastKnownFileType = file.storyboard; path = LaunchScreen.storyboard; sourceTree = "<group>"; };
/* End PBXFileReference section */

/* Begin PBXFrameworksBuildPhase section */
		9404873D2388ACDE003F6F34 /* Frameworks */ = {
			isa = PBXFrameworksBuildPhase;
			buildActionMask = 2147483647;
			files = (
			);
			runOnlyForDeploymentPostprocessing = 0;
		};
/* End PBXFrameworksBuildPhase section */

/* Begin PBXGroup section */
		940487372388ACDE003F6F34 = {
			isa = PBXGroup;
			children = (
				940487422388ACDE003F6F34 /* Cuadrado */,
				940487412388ACDE003F6F34 /* Products */,
			);
			sourceTree = "<group>";
		};
		940487412388ACDE003F6F34 /* Products */ = {
			isa = PBXGroup;
			children = (
				940487402388ACDE003F6F34 /* Cuadrado.app */,
			);
			name = Products;
			sourceTree = "<group>";
		};
		940487422388ACDE003F6F34 /* Cuadrado */ = {
			isa = PBXGroup;
			children = (
				9404875A23896D3F003F6F34 /* App Code */,
				9404875823896CEB003F6F34 /* App Launch */,
				9404875923896D08003F6F34 /* Resources */,
				9404875723896CB6003F6F34 /* Supporting Files */,
			);
			path = Cuadrado;
			sourceTree = "<group>";
		};
		9404875723896CB6003F6F34 /* Supporting Files */ = {
			isa = PBXGroup;
			children = (
				940487512388ACDF003F6F34 /* Info.plist */,
			);
			path = "Supporting Files";
			sourceTree = "<group>";
		};
		9404875823896CEB003F6F34 /* App Launch */ = {
			isa = PBXGroup;
			children = (
				940487432388ACDE003F6F34 /* AppDelegate.swift */,
				940487452388ACDE003F6F34 /* SceneDelegate.swift */,
			);
			path = "App Launch";
			sourceTree = "<group>";
		};
		9404875923896D08003F6F34 /* Resources */ = {
			isa = PBXGroup;
			children = (
				9404875D23896D83003F6F34 /* LaunchScreen.storyboard */,
				9404874C2388ACDF003F6F34 /* Assets.xcassets */,
			);
			path = Resources;
			sourceTree = "<group>";
		};
		9404875A23896D3F003F6F34 /* App Code */ = {
			isa = PBXGroup;
			children = (
				9404875B23896D75003F6F34 /* CuadradoViewController.storyboard */,
				940487472388ACDE003F6F34 /* CuadradoViewController.swift */,
			);
			path = "App Code";
			sourceTree = "<group>";
		};
/* End PBXGroup section */

/* Begin PBXNativeTarget section */
		9404873F2388ACDE003F6F34 /* Cuadrado */ = {
			isa = PBXNativeTarget;
			buildConfigurationList = 940487542388ACDF003F6F34 /* Build configuration list for PBXNativeTarget "Cuadrado" */;
			buildPhases = (
				9404873C2388ACDE003F6F34 /* Sources */,
				9404873D2388ACDE003F6F34 /* Frameworks */,
				9404873E2388ACDE003F6F34 /* Resources */,
			);
			buildRules = (
			);
			dependencies = (
			);
			name = Cuadrado;
			productName = Cuadrado;
			productReference = 940487402388ACDE003F6F34 /* Cuadrado.app */;
			productType = "com.apple.product-type.application";
		};
/* End PBXNativeTarget section */

/* Begin PBXProject section */
		940487382388ACDE003F6F34 /* Project object */ = {
			isa = PBXProject;
			attributes = {
				LastSwiftUpdateCheck = 1120;
				LastUpgradeCheck = 1120;
				TargetAttributes = {
					9404873F2388ACDE003F6F34 = {
						CreatedOnToolsVersion = 11.2.1;
					};
				};
			};
			buildConfigurationList = 9404873B2388ACDE003F6F34 /* Build configuration list for PBXProject "Cuadrado" */;
			compatibilityVersion = "Xcode 9.3";
			developmentRegion = en;
			hasScannedForEncodings = 0;
			knownRegions = (
				en,
				Base,
			);
			mainGroup = 940487372388ACDE003F6F34;
			productRefGroup = 940487412388ACDE003F6F34 /* Products */;
			projectDirPath = "";
			projectRoot = "";
			targets = (
				9404873F2388ACDE003F6F34 /* Cuadrado */,
			);
		};
/* End PBXProject section */

/* Begin PBXResourcesBuildPhase section */
		9404873E2388ACDE003F6F34 /* Resources */ = {
			isa = PBXResourcesBuildPhase;
			buildActionMask = 2147483647;
			files = (
				9404875E23896D83003F6F34 /* LaunchScreen.storyboard in Resources */,
				9404875C23896D75003F6F34 /* CuadradoViewController.storyboard in Resources */,
				9404874D2388ACDF003F6F34 /* Assets.xcassets in Resources */,
			);
			runOnlyForDeploymentPostprocessing = 0;
		};
/* End PBXResourcesBuildPhase section */

/* Begin PBXSourcesBuildPhase section */
		9404873C2388ACDE003F6F34 /* Sources */ = {
			isa = PBXSourcesBuildPhase;
			buildActionMask = 2147483647;
			files = (
				940487482388ACDE003F6F34 /* CuadradoViewController.swift in Sources */,
				940487442388ACDE003F6F34 /* AppDelegate.swift in Sources */,
				940487462388ACDE003F6F34 /* SceneDelegate.swift in Sources */,
			);
			runOnlyForDeploymentPostprocessing = 0;
		};
/* End PBXSourcesBuildPhase section */

/* Begin XCBuildConfiguration section */
		940487522388ACDF003F6F34 /* Debug */ = {
			isa = XCBuildConfiguration;
			buildSettings = {
				ALWAYS_SEARCH_USER_PATHS = NO;
				CLANG_ANALYZER_NONNULL = YES;
				CLANG_ANALYZER_NUMBER_OBJECT_CONVERSION = YES_AGGRESSIVE;
				CLANG_CXX_LANGUAGE_STANDARD = "gnu++14";
				CLANG_CXX_LIBRARY = "libc++";
				CLANG_ENABLE_MODULES = YES;
				CLANG_ENABLE_OBJC_ARC = YES;
				CLANG_ENABLE_OBJC_WEAK = YES;
				CLANG_WARN_BLOCK_CAPTURE_AUTORELEASING = YES;
				CLANG_WARN_BOOL_CONVERSION = YES;
				CLANG_WARN_COMMA = YES;
				CLANG_WARN_CONSTANT_CONVERSION = YES;
				CLANG_WARN_DEPRECATED_OBJC_IMPLEMENTATIONS = YES;
				CLANG_WARN_DIRECT_OBJC_ISA_USAGE = YES_ERROR;
				CLANG_WARN_DOCUMENTATION_COMMENTS = YES;
				CLANG_WARN_EMPTY_BODY = YES;
				CLANG_WARN_ENUM_CONVERSION = YES;
				CLANG_WARN_INFINITE_RECURSION = YES;
				CLANG_WARN_INT_CONVERSION = YES;
				CLANG_WARN_NON_LITERAL_NULL_CONVERSION = YES;
				CLANG_WARN_OBJC_IMPLICIT_RETAIN_SELF = YES;
				CLANG_WARN_OBJC_LITERAL_CONVERSION = YES;
				CLANG_WARN_OBJC_ROOT_CLASS = YES_ERROR;
				CLANG_WARN_RANGE_LOOP_ANALYSIS = YES;
				CLANG_WARN_STRICT_PROTOTYPES = YES;
				CLANG_WARN_SUSPICIOUS_MOVE = YES;
				CLANG_WARN_UNGUARDED_AVAILABILITY = YES_AGGRESSIVE;
				CLANG_WARN_UNREACHABLE_CODE = YES;
				CLANG_WARN__DUPLICATE_METHOD_MATCH = YES;
				COPY_PHASE_STRIP = NO;
				DEBUG_INFORMATION_FORMAT = dwarf;
				ENABLE_STRICT_OBJC_MSGSEND = YES;
				ENABLE_TESTABILITY = YES;
				GCC_C_LANGUAGE_STANDARD = gnu11;
				GCC_DYNAMIC_NO_PIC = NO;
				GCC_NO_COMMON_BLOCKS = YES;
				GCC_OPTIMIZATION_LEVEL = 0;
				GCC_PREPROCESSOR_DEFINITIONS = (
					"DEBUG=1",
					"$(inherited)",
				);
				GCC_WARN_64_TO_32_BIT_CONVERSION = YES;
				GCC_WARN_ABOUT_RETURN_TYPE = YES_ERROR;
				GCC_WARN_UNDECLARED_SELECTOR = YES;
				GCC_WARN_UNINITIALIZED_AUTOS = YES_AGGRESSIVE;
				GCC_WARN_UNUSED_FUNCTION = YES;
				GCC_WARN_UNUSED_VARIABLE = YES;
				IPHONEOS_DEPLOYMENT_TARGET = 13.0;
				MTL_ENABLE_DEBUG_INFO = INCLUDE_SOURCE;
				MTL_FAST_MATH = YES;
				ONLY_ACTIVE_ARCH = YES;
				SDKROOT = iphoneos;
				SWIFT_ACTIVE_COMPILATION_CONDITIONS = DEBUG;
				SWIFT_OPTIMIZATION_LEVEL = "-Onone";
			};
			name = Debug;
		};
		940487532388ACDF003F6F34 /* Release */ = {
			isa = XCBuildConfiguration;
			buildSettings = {
				ALWAYS_SEARCH_USER_PATHS = NO;
				CLANG_ANALYZER_NONNULL = YES;
				CLANG_ANALYZER_NUMBER_OBJECT_CONVERSION = YES_AGGRESSIVE;
				CLANG_CXX_LANGUAGE_STANDARD = "gnu++14";
				CLANG_CXX_LIBRARY = "libc++";
				CLANG_ENABLE_MODULES = YES;
				CLANG_ENABLE_OBJC_ARC = YES;
				CLANG_ENABLE_OBJC_WEAK = YES;
				CLANG_WARN_BLOCK_CAPTURE_AUTORELEASING = YES;
				CLANG_WARN_BOOL_CONVERSION = YES;
				CLANG_WARN_COMMA = YES;
				CLANG_WARN_CONSTANT_CONVERSION = YES;
				CLANG_WARN_DEPRECATED_OBJC_IMPLEMENTATIONS = YES;
				CLANG_WARN_DIRECT_OBJC_ISA_USAGE = YES_ERROR;
				CLANG_WARN_DOCUMENTATION_COMMENTS = YES;
				CLANG_WARN_EMPTY_BODY = YES;
				CLANG_WARN_ENUM_CONVERSION = YES;
				CLANG_WARN_INFINITE_RECURSION = YES;
				CLANG_WARN_INT_CONVERSION = YES;
				CLANG_WARN_NON_LITERAL_NULL_CONVERSION = YES;
				CLANG_WARN_OBJC_IMPLICIT_RETAIN_SELF = YES;
				CLANG_WARN_OBJC_LITERAL_CONVERSION = YES;
				CLANG_WARN_OBJC_ROOT_CLASS = YES_ERROR;
				CLANG_WARN_RANGE_LOOP_ANALYSIS = YES;
				CLANG_WARN_STRICT_PROTOTYPES = YES;
				CLANG_WARN_SUSPICIOUS_MOVE = YES;
				CLANG_WARN_UNGUARDED_AVAILABILITY = YES_AGGRESSIVE;
				CLANG_WARN_UNREACHABLE_CODE = YES;
				CLANG_WARN__DUPLICATE_METHOD_MATCH = YES;
				COPY_PHASE_STRIP = NO;
				DEBUG_INFORMATION_FORMAT = "dwarf-with-dsym";
				ENABLE_NS_ASSERTIONS = NO;
				ENABLE_STRICT_OBJC_MSGSEND = YES;
				GCC_C_LANGUAGE_STANDARD = gnu11;
				GCC_NO_COMMON_BLOCKS = YES;
				GCC_WARN_64_TO_32_BIT_CONVERSION = YES;
				GCC_WARN_ABOUT_RETURN_TYPE = YES_ERROR;
				GCC_WARN_UNDECLARED_SELECTOR = YES;
				GCC_WARN_UNINITIALIZED_AUTOS = YES_AGGRESSIVE;
				GCC_WARN_UNUSED_FUNCTION = YES;
				GCC_WARN_UNUSED_VARIABLE = YES;
				IPHONEOS_DEPLOYMENT_TARGET = 13.0;
				MTL_ENABLE_DEBUG_INFO = NO;
				MTL_FAST_MATH = YES;
				SDKROOT = iphoneos;
				SWIFT_COMPILATION_MODE = wholemodule;
				SWIFT_OPTIMIZATION_LEVEL = "-O";
				VALIDATE_PRODUCT = YES;
			};
			name = Release;
		};
		940487552388ACDF003F6F34 /* Debug */ = {
			isa = XCBuildConfiguration;
			buildSettings = {
				ASSETCATALOG_COMPILER_APPICON_NAME = AppIcon;
				CODE_SIGN_STYLE = Manual;
				DEVELOPMENT_TEAM = "";
				INFOPLIST_FILE = "Cuadrado/Supporting Files/Info.plist";
				LD_RUNPATH_SEARCH_PATHS = (
					"$(inherited)",
					"@executable_path/Frameworks",
				);
				MARKETING_VERSION = 0.0.1;
				PRODUCT_BUNDLE_IDENTIFIER = teamthick.cuadrado;
				PRODUCT_NAME = "$(TARGET_NAME)";
				PROVISIONING_PROFILE_SPECIFIER = "";
				SWIFT_VERSION = 5.0;
				TARGETED_DEVICE_FAMILY = 1;
			};
			name = Debug;
		};
		940487562388ACDF003F6F34 /* Release */ = {
			isa = XCBuildConfiguration;
			buildSettings = {
				ASSETCATALOG_COMPILER_APPICON_NAME = AppIcon;
				CODE_SIGN_STYLE = Manual;
				DEVELOPMENT_TEAM = "";
				INFOPLIST_FILE = "Cuadrado/Supporting Files/Info.plist";
				LD_RUNPATH_SEARCH_PATHS = (
					"$(inherited)",
					"@executable_path/Frameworks",
				);
				MARKETING_VERSION = 0.0.1;
				PRODUCT_BUNDLE_IDENTIFIER = teamthick.cuadrado;
				PRODUCT_NAME = "$(TARGET_NAME)";
				PROVISIONING_PROFILE_SPECIFIER = "";
				SWIFT_VERSION = 5.0;
				TARGETED_DEVICE_FAMILY = 1;
			};
			name = Release;
		};
/* End XCBuildConfiguration section */

/* Begin XCConfigurationList section */
		9404873B2388ACDE003F6F34 /* Build configuration list for PBXProject "Cuadrado" */ = {
			isa = XCConfigurationList;
			buildConfigurations = (
				940487522388ACDF003F6F34 /* Debug */,
				940487532388ACDF003F6F34 /* Release */,
			);
			defaultConfigurationIsVisible = 0;
			defaultConfigurationName = Release;
		};
		940487542388ACDF003F6F34 /* Build configuration list for PBXNativeTarget "Cuadrado" */ = {
			isa = XCConfigurationList;
			buildConfigurations = (
				940487552388ACDF003F6F34 /* Debug */,
				940487562388ACDF003F6F34 /* Release */,
			);
			defaultConfigurationIsVisible = 0;
			defaultConfigurationName = Release;
		};
/* End XCConfigurationList section */
	};
	rootObject = 940487382388ACDE003F6F34 /* Project object */;
}
